
Microsoft Visual Studio Solution File, Format Version 12.00
# Visual Studio 15
VisualStudioVersion = 15.0.28307.136
MinimumVisualStudioVersion = 10.0.40219.1
Project("{FAE04EC0-301F-11D3-BF4B-00C04F79EFBC}") = "vds_agent", "vds_agent\vds_agent.csproj", "{2772CAF7-EA6F-4289-ABCB-FE918AD585B7}"
EndProject
Project("{FAE04EC0-301F-11D3-BF4B-00C04F79EFBC}") = "vds_embedded_api", "vds_embedded_api\vds_embedded_api.csproj", "{95066088-A283-4EEC-8F63-D2F21A4A727D}"
EndProject
Global
	GlobalSection(SolutionConfigurationPlatforms) = preSolution
		Debug|Any CPU = Debug|Any CPU
		Release|Any CPU = Release|Any CPU
	EndGlobalSection
	GlobalSection(ProjectConfigurationPlatforms) = postSolution
		{2772CAF7-EA6F-4289-ABCB-FE918AD585B7}.Debug|Any CPU.ActiveCfg = Debug|Any CPU
		{2772CAF7-EA6F-4289-ABCB-FE918AD585B7}.Debug|Any CPU.Build.0 = Debug|Any CPU
		{2772CAF7-EA6F-4289-ABCB-FE918AD585B7}.Release|Any CPU.ActiveCfg = Release|Any CPU
		{2772CAF7-EA6F-4289-ABCB-FE918AD585B7}.Release|Any CPU.Build.0 = Release|Any CPU
		{95066088-A283-4EEC-8F63-D2F21A4A727D}.Debug|Any CPU.ActiveCfg = Debug|Any CPU
		{95066088-A283-4EEC-8F63-D2F21A4A727D}.Debug|Any CPU.Build.0 = Debug|Any CPU
		{95066088-A283-4EEC-8F63-D2F21A4A727D}.Release|Any CPU.ActiveCfg = Release|Any CPU
		{95066088-A283-4EEC-8F63-D2F21A4A727D}.Release|Any CPU.Build.0 = Release|Any CPU
	EndGlobalSection
	GlobalSection(SolutionProperties) = preSolution
		HideSolutionNode = FALSE
	EndGlobalSection
	GlobalSection(ExtensibilityGlobals) = postSolution
		SolutionGuid = {8A20058C-E729-4634-B0D1-5165FDDFC510}
	EndGlobalSection
EndGlobal
