
Microsoft Visual Studio Solution File, Format Version 12.00
# Visual Studio 15
VisualStudioVersion = 15.0.28307.757
MinimumVisualStudioVersion = 10.0.40219.1
Project("{9A19103F-16F7-4668-BE54-9A1E7A4F7556}") = "IVySoft.VDS.Client", "IVySoft.VDS.Client\IVySoft.VDS.Client.csproj", "{3D03C9ED-09F0-49B5-AFA6-384EAF8BDA2B}"
EndProject
Project("{9A19103F-16F7-4668-BE54-9A1E7A4F7556}") = "IVySoft.VPlatform.Network", "..\..\..\vplatform\src\IVySoft.VPlatform.Network\IVySoft.VPlatform.Network.csproj", "{3BC4B250-B512-415C-8F2F-20DBE8DB4029}"
EndProject
Project("{9A19103F-16F7-4668-BE54-9A1E7A4F7556}") = "IVySoft.VDS.Client.Cmd", "IVySoft.VDS.Client.Cmd\IVySoft.VDS.Client.Cmd.csproj", "{CD0F69FD-7818-4975-A57B-32FC58475D29}"
EndProject
Global
	GlobalSection(SolutionConfigurationPlatforms) = preSolution
		Debug|Any CPU = Debug|Any CPU
		Release|Any CPU = Release|Any CPU
	EndGlobalSection
	GlobalSection(ProjectConfigurationPlatforms) = postSolution
		{3D03C9ED-09F0-49B5-AFA6-384EAF8BDA2B}.Debug|Any CPU.ActiveCfg = Debug|Any CPU
		{3D03C9ED-09F0-49B5-AFA6-384EAF8BDA2B}.Debug|Any CPU.Build.0 = Debug|Any CPU
		{3D03C9ED-09F0-49B5-AFA6-384EAF8BDA2B}.Release|Any CPU.ActiveCfg = Release|Any CPU
		{3D03C9ED-09F0-49B5-AFA6-384EAF8BDA2B}.Release|Any CPU.Build.0 = Release|Any CPU
		{3BC4B250-B512-415C-8F2F-20DBE8DB4029}.Debug|Any CPU.ActiveCfg = Debug|Any CPU
		{3BC4B250-B512-415C-8F2F-20DBE8DB4029}.Debug|Any CPU.Build.0 = Debug|Any CPU
		{3BC4B250-B512-415C-8F2F-20DBE8DB4029}.Release|Any CPU.ActiveCfg = Release|Any CPU
		{3BC4B250-B512-415C-8F2F-20DBE8DB4029}.Release|Any CPU.Build.0 = Release|Any CPU
		{CD0F69FD-7818-4975-A57B-32FC58475D29}.Debug|Any CPU.ActiveCfg = Debug|Any CPU
		{CD0F69FD-7818-4975-A57B-32FC58475D29}.Debug|Any CPU.Build.0 = Debug|Any CPU
		{CD0F69FD-7818-4975-A57B-32FC58475D29}.Release|Any CPU.ActiveCfg = Release|Any CPU
		{CD0F69FD-7818-4975-A57B-32FC58475D29}.Release|Any CPU.Build.0 = Release|Any CPU
	EndGlobalSection
	GlobalSection(SolutionProperties) = preSolution
		HideSolutionNode = FALSE
	EndGlobalSection
	GlobalSection(ExtensibilityGlobals) = postSolution
		SolutionGuid = {E11639E2-1623-498B-9EC0-79710B316F9A}
	EndGlobalSection
EndGlobal
