
Microsoft Visual Studio Solution File, Format Version 12.00
# Visual Studio Version 16
VisualStudioVersion = 16.0.29326.143
MinimumVisualStudioVersion = 10.0.40219.1
Project("{9A19103F-16F7-4668-BE54-9A1E7A4F7556}") = "IVySoft.VDS.Client", "IVySoft.VDS.Client\IVySoft.VDS.Client.csproj", "{3D03C9ED-09F0-49B5-AFA6-384EAF8BDA2B}"
EndProject
Project("{9A19103F-16F7-4668-BE54-9A1E7A4F7556}") = "IVySoft.VPlatform.Network", "..\..\..\vplatform\src\IVySoft.VPlatform.Network\IVySoft.VPlatform.Network.csproj", "{3BC4B250-B512-415C-8F2F-20DBE8DB4029}"
EndProject
Project("{9A19103F-16F7-4668-BE54-9A1E7A4F7556}") = "IVySoft.VDS.Client.Cmd", "IVySoft.VDS.Client.Cmd\IVySoft.VDS.Client.Cmd.csproj", "{CD0F69FD-7818-4975-A57B-32FC58475D29}"
EndProject
Project("{2150E333-8FDC-42A3-9474-1A3956D46DE8}") = "Test", "Test", "{C72D4829-D9BF-44A6-B8E5-9ACFE11B2308}"
EndProject
Project("{9A19103F-16F7-4668-BE54-9A1E7A4F7556}") = "IVySoft.VDS.Client.Cmd.Tests", "..\..\tests\IVySoft.VDS.Client.Cmd.Tests\IVySoft.VDS.Client.Cmd.Tests.csproj", "{CC4DDEE0-E891-4CAD-ABB0-DDA8E9206CEC}"
EndProject
Project("{2150E333-8FDC-42A3-9474-1A3956D46DE8}") = "UI", "UI", "{1FA1C0A6-D4E5-489D-81D7-BDF33E8537B1}"
EndProject
Project("{FAE04EC0-301F-11D3-BF4B-00C04F79EFBC}") = "IVySoft.VDS.Client.UI.Android", "IVySoft.VDS.Client.UI\IVySoft.VDS.Client.UI.Android\IVySoft.VDS.Client.UI.Android.csproj", "{DF043671-2A9C-4F1E-A3B8-478E83D23339}"
EndProject
Project("{FAE04EC0-301F-11D3-BF4B-00C04F79EFBC}") = "IVySoft.VDS.Client.UI.iOS", "IVySoft.VDS.Client.UI\IVySoft.VDS.Client.UI.iOS\IVySoft.VDS.Client.UI.iOS.csproj", "{BCDCF8C4-A72E-4949-AFBB-F03EE463689A}"
EndProject
Project("{9A19103F-16F7-4668-BE54-9A1E7A4F7556}") = "IVySoft.VDS.Client.UI", "IVySoft.VDS.Client.UI\IVySoft.VDS.Client.UI\IVySoft.VDS.Client.UI.csproj", "{CFE6902C-9085-408C-8B92-B113EB059DE8}"
EndProject
Project("{9A19103F-16F7-4668-BE54-9A1E7A4F7556}") = "IVySoft.VDS.Client.UI.Logic", "IVySoft.VDS.Client.UI.Logic\IVySoft.VDS.Client.UI.Logic.csproj", "{82C19710-80FC-440E-86F5-910AF540C278}"
EndProject
Project("{9A19103F-16F7-4668-BE54-9A1E7A4F7556}") = "IVySoft.VDS.Client.UI.WPF", "IVySoft.VDS.Client.UI.WPF\IVySoft.VDS.Client.UI.WPF.csproj", "{C6A13732-2A40-40AC-AA6B-5D1C4B28CDE5}"
EndProject
Project("{9A19103F-16F7-4668-BE54-9A1E7A4F7556}") = "IVySoft.VDS.Client.UI.WPF.Wallet", "IVySoft.VDS.Client.UI.WPF.Wallet\IVySoft.VDS.Client.UI.WPF.Wallet.csproj", "{094CB885-D165-4D35-9B25-0539E550F639}"
EndProject
Project("{9A19103F-16F7-4668-BE54-9A1E7A4F7556}") = "IVySoft.VDS.Client.UI.WPF.Common", "IVySoft.VDS.Client.UI.WPF.Common\IVySoft.VDS.Client.UI.WPF.Common.csproj", "{2A197B3C-A118-4C4D-B8F0-91F0ADBD7D37}"
EndProject
Project("{9A19103F-16F7-4668-BE54-9A1E7A4F7556}") = "IVySoft.VDS.Client.UI.WPF.Disk", "IVySoft.VDS.Client.UI.WPF.Disk\IVySoft.VDS.Client.UI.WPF.Disk.csproj", "{0547DC07-064A-4A89-B0FD-A1C638202E11}"
EndProject
Project("{9A19103F-16F7-4668-BE54-9A1E7A4F7556}") = "IVySoft.VPlatform.Utils", "..\..\..\vplatform\src\kernel\IVySoft.VPlatform.Utils\IVySoft.VPlatform.Utils.csproj", "{CA2C557A-0E4A-402E-BC05-901DC0554664}"
EndProject
Project("{9A19103F-16F7-4668-BE54-9A1E7A4F7556}") = "IVySoft.VPlatform.Resources.FileIcons", "..\..\..\vplatform\src\resources\IVySoft.VPlatform.Resources.FileIcons\IVySoft.VPlatform.Resources.FileIcons.csproj", "{B8AB3A53-E29B-4F8E-9DB3-FA59EAA8A530}"
EndProject
Project("{FAE04EC0-301F-11D3-BF4B-00C04F79EFBC}") = "IVySoft.VDS.Client.UI.WPF.Monitor", "IVySoft.VDS.Client.UI.WPF.Monitor\IVySoft.VDS.Client.UI.WPF.Monitor.csproj", "{D6F94252-F026-44E9-A3AE-6CF711B2D14B}"
EndProject
Global
	GlobalSection(SolutionConfigurationPlatforms) = preSolution
		Debug|Any CPU = Debug|Any CPU
		Debug|ARM = Debug|ARM
		Debug|iPhone = Debug|iPhone
		Debug|iPhoneSimulator = Debug|iPhoneSimulator
		Debug|x64 = Debug|x64
		Debug|x86 = Debug|x86
		Release|Any CPU = Release|Any CPU
		Release|ARM = Release|ARM
		Release|iPhone = Release|iPhone
		Release|iPhoneSimulator = Release|iPhoneSimulator
		Release|x64 = Release|x64
		Release|x86 = Release|x86
	EndGlobalSection
	GlobalSection(ProjectConfigurationPlatforms) = postSolution
		{3D03C9ED-09F0-49B5-AFA6-384EAF8BDA2B}.Debug|Any CPU.ActiveCfg = Debug|Any CPU
		{3D03C9ED-09F0-49B5-AFA6-384EAF8BDA2B}.Debug|Any CPU.Build.0 = Debug|Any CPU
		{3D03C9ED-09F0-49B5-AFA6-384EAF8BDA2B}.Debug|ARM.ActiveCfg = Debug|Any CPU
		{3D03C9ED-09F0-49B5-AFA6-384EAF8BDA2B}.Debug|ARM.Build.0 = Debug|Any CPU
		{3D03C9ED-09F0-49B5-AFA6-384EAF8BDA2B}.Debug|iPhone.ActiveCfg = Debug|Any CPU
		{3D03C9ED-09F0-49B5-AFA6-384EAF8BDA2B}.Debug|iPhone.Build.0 = Debug|Any CPU
		{3D03C9ED-09F0-49B5-AFA6-384EAF8BDA2B}.Debug|iPhoneSimulator.ActiveCfg = Debug|Any CPU
		{3D03C9ED-09F0-49B5-AFA6-384EAF8BDA2B}.Debug|iPhoneSimulator.Build.0 = Debug|Any CPU
		{3D03C9ED-09F0-49B5-AFA6-384EAF8BDA2B}.Debug|x64.ActiveCfg = Debug|Any CPU
		{3D03C9ED-09F0-49B5-AFA6-384EAF8BDA2B}.Debug|x64.Build.0 = Debug|Any CPU
		{3D03C9ED-09F0-49B5-AFA6-384EAF8BDA2B}.Debug|x86.ActiveCfg = Debug|Any CPU
		{3D03C9ED-09F0-49B5-AFA6-384EAF8BDA2B}.Debug|x86.Build.0 = Debug|Any CPU
		{3D03C9ED-09F0-49B5-AFA6-384EAF8BDA2B}.Release|Any CPU.ActiveCfg = Release|Any CPU
		{3D03C9ED-09F0-49B5-AFA6-384EAF8BDA2B}.Release|Any CPU.Build.0 = Release|Any CPU
		{3D03C9ED-09F0-49B5-AFA6-384EAF8BDA2B}.Release|ARM.ActiveCfg = Release|Any CPU
		{3D03C9ED-09F0-49B5-AFA6-384EAF8BDA2B}.Release|ARM.Build.0 = Release|Any CPU
		{3D03C9ED-09F0-49B5-AFA6-384EAF8BDA2B}.Release|iPhone.ActiveCfg = Release|Any CPU
		{3D03C9ED-09F0-49B5-AFA6-384EAF8BDA2B}.Release|iPhone.Build.0 = Release|Any CPU
		{3D03C9ED-09F0-49B5-AFA6-384EAF8BDA2B}.Release|iPhoneSimulator.ActiveCfg = Release|Any CPU
		{3D03C9ED-09F0-49B5-AFA6-384EAF8BDA2B}.Release|iPhoneSimulator.Build.0 = Release|Any CPU
		{3D03C9ED-09F0-49B5-AFA6-384EAF8BDA2B}.Release|x64.ActiveCfg = Release|Any CPU
		{3D03C9ED-09F0-49B5-AFA6-384EAF8BDA2B}.Release|x64.Build.0 = Release|Any CPU
		{3D03C9ED-09F0-49B5-AFA6-384EAF8BDA2B}.Release|x86.ActiveCfg = Release|Any CPU
		{3D03C9ED-09F0-49B5-AFA6-384EAF8BDA2B}.Release|x86.Build.0 = Release|Any CPU
		{3BC4B250-B512-415C-8F2F-20DBE8DB4029}.Debug|Any CPU.ActiveCfg = Debug|Any CPU
		{3BC4B250-B512-415C-8F2F-20DBE8DB4029}.Debug|Any CPU.Build.0 = Debug|Any CPU
		{3BC4B250-B512-415C-8F2F-20DBE8DB4029}.Debug|ARM.ActiveCfg = Debug|Any CPU
		{3BC4B250-B512-415C-8F2F-20DBE8DB4029}.Debug|ARM.Build.0 = Debug|Any CPU
		{3BC4B250-B512-415C-8F2F-20DBE8DB4029}.Debug|iPhone.ActiveCfg = Debug|Any CPU
		{3BC4B250-B512-415C-8F2F-20DBE8DB4029}.Debug|iPhone.Build.0 = Debug|Any CPU
		{3BC4B250-B512-415C-8F2F-20DBE8DB4029}.Debug|iPhoneSimulator.ActiveCfg = Debug|Any CPU
		{3BC4B250-B512-415C-8F2F-20DBE8DB4029}.Debug|iPhoneSimulator.Build.0 = Debug|Any CPU
		{3BC4B250-B512-415C-8F2F-20DBE8DB4029}.Debug|x64.ActiveCfg = Debug|Any CPU
		{3BC4B250-B512-415C-8F2F-20DBE8DB4029}.Debug|x64.Build.0 = Debug|Any CPU
		{3BC4B250-B512-415C-8F2F-20DBE8DB4029}.Debug|x86.ActiveCfg = Debug|Any CPU
		{3BC4B250-B512-415C-8F2F-20DBE8DB4029}.Debug|x86.Build.0 = Debug|Any CPU
		{3BC4B250-B512-415C-8F2F-20DBE8DB4029}.Release|Any CPU.ActiveCfg = Release|Any CPU
		{3BC4B250-B512-415C-8F2F-20DBE8DB4029}.Release|Any CPU.Build.0 = Release|Any CPU
		{3BC4B250-B512-415C-8F2F-20DBE8DB4029}.Release|ARM.ActiveCfg = Release|Any CPU
		{3BC4B250-B512-415C-8F2F-20DBE8DB4029}.Release|ARM.Build.0 = Release|Any CPU
		{3BC4B250-B512-415C-8F2F-20DBE8DB4029}.Release|iPhone.ActiveCfg = Release|Any CPU
		{3BC4B250-B512-415C-8F2F-20DBE8DB4029}.Release|iPhone.Build.0 = Release|Any CPU
		{3BC4B250-B512-415C-8F2F-20DBE8DB4029}.Release|iPhoneSimulator.ActiveCfg = Release|Any CPU
		{3BC4B250-B512-415C-8F2F-20DBE8DB4029}.Release|iPhoneSimulator.Build.0 = Release|Any CPU
		{3BC4B250-B512-415C-8F2F-20DBE8DB4029}.Release|x64.ActiveCfg = Release|Any CPU
		{3BC4B250-B512-415C-8F2F-20DBE8DB4029}.Release|x64.Build.0 = Release|Any CPU
		{3BC4B250-B512-415C-8F2F-20DBE8DB4029}.Release|x86.ActiveCfg = Release|Any CPU
		{3BC4B250-B512-415C-8F2F-20DBE8DB4029}.Release|x86.Build.0 = Release|Any CPU
		{CD0F69FD-7818-4975-A57B-32FC58475D29}.Debug|Any CPU.ActiveCfg = Debug|Any CPU
		{CD0F69FD-7818-4975-A57B-32FC58475D29}.Debug|Any CPU.Build.0 = Debug|Any CPU
		{CD0F69FD-7818-4975-A57B-32FC58475D29}.Debug|ARM.ActiveCfg = Debug|Any CPU
		{CD0F69FD-7818-4975-A57B-32FC58475D29}.Debug|ARM.Build.0 = Debug|Any CPU
		{CD0F69FD-7818-4975-A57B-32FC58475D29}.Debug|iPhone.ActiveCfg = Debug|Any CPU
		{CD0F69FD-7818-4975-A57B-32FC58475D29}.Debug|iPhone.Build.0 = Debug|Any CPU
		{CD0F69FD-7818-4975-A57B-32FC58475D29}.Debug|iPhoneSimulator.ActiveCfg = Debug|Any CPU
		{CD0F69FD-7818-4975-A57B-32FC58475D29}.Debug|iPhoneSimulator.Build.0 = Debug|Any CPU
		{CD0F69FD-7818-4975-A57B-32FC58475D29}.Debug|x64.ActiveCfg = Debug|Any CPU
		{CD0F69FD-7818-4975-A57B-32FC58475D29}.Debug|x64.Build.0 = Debug|Any CPU
		{CD0F69FD-7818-4975-A57B-32FC58475D29}.Debug|x86.ActiveCfg = Debug|Any CPU
		{CD0F69FD-7818-4975-A57B-32FC58475D29}.Debug|x86.Build.0 = Debug|Any CPU
		{CD0F69FD-7818-4975-A57B-32FC58475D29}.Release|Any CPU.ActiveCfg = Release|Any CPU
		{CD0F69FD-7818-4975-A57B-32FC58475D29}.Release|Any CPU.Build.0 = Release|Any CPU
		{CD0F69FD-7818-4975-A57B-32FC58475D29}.Release|ARM.ActiveCfg = Release|Any CPU
		{CD0F69FD-7818-4975-A57B-32FC58475D29}.Release|ARM.Build.0 = Release|Any CPU
		{CD0F69FD-7818-4975-A57B-32FC58475D29}.Release|iPhone.ActiveCfg = Release|Any CPU
		{CD0F69FD-7818-4975-A57B-32FC58475D29}.Release|iPhone.Build.0 = Release|Any CPU
		{CD0F69FD-7818-4975-A57B-32FC58475D29}.Release|iPhoneSimulator.ActiveCfg = Release|Any CPU
		{CD0F69FD-7818-4975-A57B-32FC58475D29}.Release|iPhoneSimulator.Build.0 = Release|Any CPU
		{CD0F69FD-7818-4975-A57B-32FC58475D29}.Release|x64.ActiveCfg = Release|Any CPU
		{CD0F69FD-7818-4975-A57B-32FC58475D29}.Release|x64.Build.0 = Release|Any CPU
		{CD0F69FD-7818-4975-A57B-32FC58475D29}.Release|x86.ActiveCfg = Release|Any CPU
		{CD0F69FD-7818-4975-A57B-32FC58475D29}.Release|x86.Build.0 = Release|Any CPU
		{CC4DDEE0-E891-4CAD-ABB0-DDA8E9206CEC}.Debug|Any CPU.ActiveCfg = Debug|Any CPU
		{CC4DDEE0-E891-4CAD-ABB0-DDA8E9206CEC}.Debug|Any CPU.Build.0 = Debug|Any CPU
		{CC4DDEE0-E891-4CAD-ABB0-DDA8E9206CEC}.Debug|ARM.ActiveCfg = Debug|Any CPU
		{CC4DDEE0-E891-4CAD-ABB0-DDA8E9206CEC}.Debug|ARM.Build.0 = Debug|Any CPU
		{CC4DDEE0-E891-4CAD-ABB0-DDA8E9206CEC}.Debug|iPhone.ActiveCfg = Debug|Any CPU
		{CC4DDEE0-E891-4CAD-ABB0-DDA8E9206CEC}.Debug|iPhone.Build.0 = Debug|Any CPU
		{CC4DDEE0-E891-4CAD-ABB0-DDA8E9206CEC}.Debug|iPhoneSimulator.ActiveCfg = Debug|Any CPU
		{CC4DDEE0-E891-4CAD-ABB0-DDA8E9206CEC}.Debug|iPhoneSimulator.Build.0 = Debug|Any CPU
		{CC4DDEE0-E891-4CAD-ABB0-DDA8E9206CEC}.Debug|x64.ActiveCfg = Debug|Any CPU
		{CC4DDEE0-E891-4CAD-ABB0-DDA8E9206CEC}.Debug|x64.Build.0 = Debug|Any CPU
		{CC4DDEE0-E891-4CAD-ABB0-DDA8E9206CEC}.Debug|x86.ActiveCfg = Debug|Any CPU
		{CC4DDEE0-E891-4CAD-ABB0-DDA8E9206CEC}.Debug|x86.Build.0 = Debug|Any CPU
		{CC4DDEE0-E891-4CAD-ABB0-DDA8E9206CEC}.Release|Any CPU.ActiveCfg = Release|Any CPU
		{CC4DDEE0-E891-4CAD-ABB0-DDA8E9206CEC}.Release|Any CPU.Build.0 = Release|Any CPU
		{CC4DDEE0-E891-4CAD-ABB0-DDA8E9206CEC}.Release|ARM.ActiveCfg = Release|Any CPU
		{CC4DDEE0-E891-4CAD-ABB0-DDA8E9206CEC}.Release|ARM.Build.0 = Release|Any CPU
		{CC4DDEE0-E891-4CAD-ABB0-DDA8E9206CEC}.Release|iPhone.ActiveCfg = Release|Any CPU
		{CC4DDEE0-E891-4CAD-ABB0-DDA8E9206CEC}.Release|iPhone.Build.0 = Release|Any CPU
		{CC4DDEE0-E891-4CAD-ABB0-DDA8E9206CEC}.Release|iPhoneSimulator.ActiveCfg = Release|Any CPU
		{CC4DDEE0-E891-4CAD-ABB0-DDA8E9206CEC}.Release|iPhoneSimulator.Build.0 = Release|Any CPU
		{CC4DDEE0-E891-4CAD-ABB0-DDA8E9206CEC}.Release|x64.ActiveCfg = Release|Any CPU
		{CC4DDEE0-E891-4CAD-ABB0-DDA8E9206CEC}.Release|x64.Build.0 = Release|Any CPU
		{CC4DDEE0-E891-4CAD-ABB0-DDA8E9206CEC}.Release|x86.ActiveCfg = Release|Any CPU
		{CC4DDEE0-E891-4CAD-ABB0-DDA8E9206CEC}.Release|x86.Build.0 = Release|Any CPU
		{DF043671-2A9C-4F1E-A3B8-478E83D23339}.Debug|Any CPU.ActiveCfg = Debug|Any CPU
		{DF043671-2A9C-4F1E-A3B8-478E83D23339}.Debug|Any CPU.Build.0 = Debug|Any CPU
		{DF043671-2A9C-4F1E-A3B8-478E83D23339}.Debug|Any CPU.Deploy.0 = Debug|Any CPU
		{DF043671-2A9C-4F1E-A3B8-478E83D23339}.Debug|ARM.ActiveCfg = Debug|Any CPU
		{DF043671-2A9C-4F1E-A3B8-478E83D23339}.Debug|ARM.Build.0 = Debug|Any CPU
		{DF043671-2A9C-4F1E-A3B8-478E83D23339}.Debug|ARM.Deploy.0 = Debug|Any CPU
		{DF043671-2A9C-4F1E-A3B8-478E83D23339}.Debug|iPhone.ActiveCfg = Debug|Any CPU
		{DF043671-2A9C-4F1E-A3B8-478E83D23339}.Debug|iPhone.Build.0 = Debug|Any CPU
		{DF043671-2A9C-4F1E-A3B8-478E83D23339}.Debug|iPhone.Deploy.0 = Debug|Any CPU
		{DF043671-2A9C-4F1E-A3B8-478E83D23339}.Debug|iPhoneSimulator.ActiveCfg = Debug|Any CPU
		{DF043671-2A9C-4F1E-A3B8-478E83D23339}.Debug|iPhoneSimulator.Build.0 = Debug|Any CPU
		{DF043671-2A9C-4F1E-A3B8-478E83D23339}.Debug|iPhoneSimulator.Deploy.0 = Debug|Any CPU
		{DF043671-2A9C-4F1E-A3B8-478E83D23339}.Debug|x64.ActiveCfg = Debug|Any CPU
		{DF043671-2A9C-4F1E-A3B8-478E83D23339}.Debug|x64.Build.0 = Debug|Any CPU
		{DF043671-2A9C-4F1E-A3B8-478E83D23339}.Debug|x64.Deploy.0 = Debug|Any CPU
		{DF043671-2A9C-4F1E-A3B8-478E83D23339}.Debug|x86.ActiveCfg = Debug|Any CPU
		{DF043671-2A9C-4F1E-A3B8-478E83D23339}.Debug|x86.Build.0 = Debug|Any CPU
		{DF043671-2A9C-4F1E-A3B8-478E83D23339}.Debug|x86.Deploy.0 = Debug|Any CPU
		{DF043671-2A9C-4F1E-A3B8-478E83D23339}.Release|Any CPU.ActiveCfg = Release|Any CPU
		{DF043671-2A9C-4F1E-A3B8-478E83D23339}.Release|Any CPU.Build.0 = Release|Any CPU
		{DF043671-2A9C-4F1E-A3B8-478E83D23339}.Release|Any CPU.Deploy.0 = Release|Any CPU
		{DF043671-2A9C-4F1E-A3B8-478E83D23339}.Release|ARM.ActiveCfg = Release|Any CPU
		{DF043671-2A9C-4F1E-A3B8-478E83D23339}.Release|ARM.Build.0 = Release|Any CPU
		{DF043671-2A9C-4F1E-A3B8-478E83D23339}.Release|ARM.Deploy.0 = Release|Any CPU
		{DF043671-2A9C-4F1E-A3B8-478E83D23339}.Release|iPhone.ActiveCfg = Release|Any CPU
		{DF043671-2A9C-4F1E-A3B8-478E83D23339}.Release|iPhone.Build.0 = Release|Any CPU
		{DF043671-2A9C-4F1E-A3B8-478E83D23339}.Release|iPhone.Deploy.0 = Release|Any CPU
		{DF043671-2A9C-4F1E-A3B8-478E83D23339}.Release|iPhoneSimulator.ActiveCfg = Release|Any CPU
		{DF043671-2A9C-4F1E-A3B8-478E83D23339}.Release|iPhoneSimulator.Build.0 = Release|Any CPU
		{DF043671-2A9C-4F1E-A3B8-478E83D23339}.Release|iPhoneSimulator.Deploy.0 = Release|Any CPU
		{DF043671-2A9C-4F1E-A3B8-478E83D23339}.Release|x64.ActiveCfg = Release|Any CPU
		{DF043671-2A9C-4F1E-A3B8-478E83D23339}.Release|x64.Build.0 = Release|Any CPU
		{DF043671-2A9C-4F1E-A3B8-478E83D23339}.Release|x64.Deploy.0 = Release|Any CPU
		{DF043671-2A9C-4F1E-A3B8-478E83D23339}.Release|x86.ActiveCfg = Release|Any CPU
		{DF043671-2A9C-4F1E-A3B8-478E83D23339}.Release|x86.Build.0 = Release|Any CPU
		{DF043671-2A9C-4F1E-A3B8-478E83D23339}.Release|x86.Deploy.0 = Release|Any CPU
		{BCDCF8C4-A72E-4949-AFBB-F03EE463689A}.Debug|Any CPU.ActiveCfg = Debug|iPhone
		{BCDCF8C4-A72E-4949-AFBB-F03EE463689A}.Debug|ARM.ActiveCfg = Debug|iPhone
		{BCDCF8C4-A72E-4949-AFBB-F03EE463689A}.Debug|iPhone.ActiveCfg = Debug|iPhone
		{BCDCF8C4-A72E-4949-AFBB-F03EE463689A}.Debug|iPhone.Build.0 = Debug|iPhone
		{BCDCF8C4-A72E-4949-AFBB-F03EE463689A}.Debug|iPhoneSimulator.ActiveCfg = Debug|iPhoneSimulator
		{BCDCF8C4-A72E-4949-AFBB-F03EE463689A}.Debug|iPhoneSimulator.Build.0 = Debug|iPhoneSimulator
		{BCDCF8C4-A72E-4949-AFBB-F03EE463689A}.Debug|x64.ActiveCfg = Debug|iPhone
		{BCDCF8C4-A72E-4949-AFBB-F03EE463689A}.Debug|x86.ActiveCfg = Debug|iPhone
		{BCDCF8C4-A72E-4949-AFBB-F03EE463689A}.Release|Any CPU.ActiveCfg = Release|iPhone
		{BCDCF8C4-A72E-4949-AFBB-F03EE463689A}.Release|ARM.ActiveCfg = Release|iPhone
		{BCDCF8C4-A72E-4949-AFBB-F03EE463689A}.Release|iPhone.ActiveCfg = Release|iPhone
		{BCDCF8C4-A72E-4949-AFBB-F03EE463689A}.Release|iPhone.Build.0 = Release|iPhone
		{BCDCF8C4-A72E-4949-AFBB-F03EE463689A}.Release|iPhoneSimulator.ActiveCfg = Release|iPhoneSimulator
		{BCDCF8C4-A72E-4949-AFBB-F03EE463689A}.Release|iPhoneSimulator.Build.0 = Release|iPhoneSimulator
		{BCDCF8C4-A72E-4949-AFBB-F03EE463689A}.Release|x64.ActiveCfg = Release|iPhone
		{BCDCF8C4-A72E-4949-AFBB-F03EE463689A}.Release|x86.ActiveCfg = Release|iPhone
		{CFE6902C-9085-408C-8B92-B113EB059DE8}.Debug|Any CPU.ActiveCfg = Debug|Any CPU
		{CFE6902C-9085-408C-8B92-B113EB059DE8}.Debug|Any CPU.Build.0 = Debug|Any CPU
		{CFE6902C-9085-408C-8B92-B113EB059DE8}.Debug|ARM.ActiveCfg = Debug|Any CPU
		{CFE6902C-9085-408C-8B92-B113EB059DE8}.Debug|ARM.Build.0 = Debug|Any CPU
		{CFE6902C-9085-408C-8B92-B113EB059DE8}.Debug|iPhone.ActiveCfg = Debug|Any CPU
		{CFE6902C-9085-408C-8B92-B113EB059DE8}.Debug|iPhone.Build.0 = Debug|Any CPU
		{CFE6902C-9085-408C-8B92-B113EB059DE8}.Debug|iPhoneSimulator.ActiveCfg = Debug|Any CPU
		{CFE6902C-9085-408C-8B92-B113EB059DE8}.Debug|iPhoneSimulator.Build.0 = Debug|Any CPU
		{CFE6902C-9085-408C-8B92-B113EB059DE8}.Debug|x64.ActiveCfg = Debug|Any CPU
		{CFE6902C-9085-408C-8B92-B113EB059DE8}.Debug|x64.Build.0 = Debug|Any CPU
		{CFE6902C-9085-408C-8B92-B113EB059DE8}.Debug|x86.ActiveCfg = Debug|Any CPU
		{CFE6902C-9085-408C-8B92-B113EB059DE8}.Debug|x86.Build.0 = Debug|Any CPU
		{CFE6902C-9085-408C-8B92-B113EB059DE8}.Release|Any CPU.ActiveCfg = Release|Any CPU
		{CFE6902C-9085-408C-8B92-B113EB059DE8}.Release|Any CPU.Build.0 = Release|Any CPU
		{CFE6902C-9085-408C-8B92-B113EB059DE8}.Release|ARM.ActiveCfg = Release|Any CPU
		{CFE6902C-9085-408C-8B92-B113EB059DE8}.Release|ARM.Build.0 = Release|Any CPU
		{CFE6902C-9085-408C-8B92-B113EB059DE8}.Release|iPhone.ActiveCfg = Release|Any CPU
		{CFE6902C-9085-408C-8B92-B113EB059DE8}.Release|iPhone.Build.0 = Release|Any CPU
		{CFE6902C-9085-408C-8B92-B113EB059DE8}.Release|iPhoneSimulator.ActiveCfg = Release|Any CPU
		{CFE6902C-9085-408C-8B92-B113EB059DE8}.Release|iPhoneSimulator.Build.0 = Release|Any CPU
		{CFE6902C-9085-408C-8B92-B113EB059DE8}.Release|x64.ActiveCfg = Release|Any CPU
		{CFE6902C-9085-408C-8B92-B113EB059DE8}.Release|x64.Build.0 = Release|Any CPU
		{CFE6902C-9085-408C-8B92-B113EB059DE8}.Release|x86.ActiveCfg = Release|Any CPU
		{CFE6902C-9085-408C-8B92-B113EB059DE8}.Release|x86.Build.0 = Release|Any CPU
		{82C19710-80FC-440E-86F5-910AF540C278}.Debug|Any CPU.ActiveCfg = Debug|Any CPU
		{82C19710-80FC-440E-86F5-910AF540C278}.Debug|Any CPU.Build.0 = Debug|Any CPU
		{82C19710-80FC-440E-86F5-910AF540C278}.Debug|ARM.ActiveCfg = Debug|Any CPU
		{82C19710-80FC-440E-86F5-910AF540C278}.Debug|ARM.Build.0 = Debug|Any CPU
		{82C19710-80FC-440E-86F5-910AF540C278}.Debug|iPhone.ActiveCfg = Debug|Any CPU
		{82C19710-80FC-440E-86F5-910AF540C278}.Debug|iPhone.Build.0 = Debug|Any CPU
		{82C19710-80FC-440E-86F5-910AF540C278}.Debug|iPhoneSimulator.ActiveCfg = Debug|Any CPU
		{82C19710-80FC-440E-86F5-910AF540C278}.Debug|iPhoneSimulator.Build.0 = Debug|Any CPU
		{82C19710-80FC-440E-86F5-910AF540C278}.Debug|x64.ActiveCfg = Debug|Any CPU
		{82C19710-80FC-440E-86F5-910AF540C278}.Debug|x64.Build.0 = Debug|Any CPU
		{82C19710-80FC-440E-86F5-910AF540C278}.Debug|x86.ActiveCfg = Debug|Any CPU
		{82C19710-80FC-440E-86F5-910AF540C278}.Debug|x86.Build.0 = Debug|Any CPU
		{82C19710-80FC-440E-86F5-910AF540C278}.Release|Any CPU.ActiveCfg = Release|Any CPU
		{82C19710-80FC-440E-86F5-910AF540C278}.Release|Any CPU.Build.0 = Release|Any CPU
		{82C19710-80FC-440E-86F5-910AF540C278}.Release|ARM.ActiveCfg = Release|Any CPU
		{82C19710-80FC-440E-86F5-910AF540C278}.Release|ARM.Build.0 = Release|Any CPU
		{82C19710-80FC-440E-86F5-910AF540C278}.Release|iPhone.ActiveCfg = Release|Any CPU
		{82C19710-80FC-440E-86F5-910AF540C278}.Release|iPhone.Build.0 = Release|Any CPU
		{82C19710-80FC-440E-86F5-910AF540C278}.Release|iPhoneSimulator.ActiveCfg = Release|Any CPU
		{82C19710-80FC-440E-86F5-910AF540C278}.Release|iPhoneSimulator.Build.0 = Release|Any CPU
		{82C19710-80FC-440E-86F5-910AF540C278}.Release|x64.ActiveCfg = Release|Any CPU
		{82C19710-80FC-440E-86F5-910AF540C278}.Release|x64.Build.0 = Release|Any CPU
		{82C19710-80FC-440E-86F5-910AF540C278}.Release|x86.ActiveCfg = Release|Any CPU
		{82C19710-80FC-440E-86F5-910AF540C278}.Release|x86.Build.0 = Release|Any CPU
		{C6A13732-2A40-40AC-AA6B-5D1C4B28CDE5}.Debug|Any CPU.ActiveCfg = Debug|Any CPU
		{C6A13732-2A40-40AC-AA6B-5D1C4B28CDE5}.Debug|Any CPU.Build.0 = Debug|Any CPU
		{C6A13732-2A40-40AC-AA6B-5D1C4B28CDE5}.Debug|ARM.ActiveCfg = Debug|Any CPU
		{C6A13732-2A40-40AC-AA6B-5D1C4B28CDE5}.Debug|ARM.Build.0 = Debug|Any CPU
		{C6A13732-2A40-40AC-AA6B-5D1C4B28CDE5}.Debug|iPhone.ActiveCfg = Debug|Any CPU
		{C6A13732-2A40-40AC-AA6B-5D1C4B28CDE5}.Debug|iPhone.Build.0 = Debug|Any CPU
		{C6A13732-2A40-40AC-AA6B-5D1C4B28CDE5}.Debug|iPhoneSimulator.ActiveCfg = Debug|Any CPU
		{C6A13732-2A40-40AC-AA6B-5D1C4B28CDE5}.Debug|iPhoneSimulator.Build.0 = Debug|Any CPU
		{C6A13732-2A40-40AC-AA6B-5D1C4B28CDE5}.Debug|x64.ActiveCfg = Debug|Any CPU
		{C6A13732-2A40-40AC-AA6B-5D1C4B28CDE5}.Debug|x64.Build.0 = Debug|Any CPU
		{C6A13732-2A40-40AC-AA6B-5D1C4B28CDE5}.Debug|x86.ActiveCfg = Debug|Any CPU
		{C6A13732-2A40-40AC-AA6B-5D1C4B28CDE5}.Debug|x86.Build.0 = Debug|Any CPU
		{C6A13732-2A40-40AC-AA6B-5D1C4B28CDE5}.Release|Any CPU.ActiveCfg = Release|Any CPU
		{C6A13732-2A40-40AC-AA6B-5D1C4B28CDE5}.Release|Any CPU.Build.0 = Release|Any CPU
		{C6A13732-2A40-40AC-AA6B-5D1C4B28CDE5}.Release|ARM.ActiveCfg = Release|Any CPU
		{C6A13732-2A40-40AC-AA6B-5D1C4B28CDE5}.Release|ARM.Build.0 = Release|Any CPU
		{C6A13732-2A40-40AC-AA6B-5D1C4B28CDE5}.Release|iPhone.ActiveCfg = Release|Any CPU
		{C6A13732-2A40-40AC-AA6B-5D1C4B28CDE5}.Release|iPhone.Build.0 = Release|Any CPU
		{C6A13732-2A40-40AC-AA6B-5D1C4B28CDE5}.Release|iPhoneSimulator.ActiveCfg = Release|Any CPU
		{C6A13732-2A40-40AC-AA6B-5D1C4B28CDE5}.Release|iPhoneSimulator.Build.0 = Release|Any CPU
		{C6A13732-2A40-40AC-AA6B-5D1C4B28CDE5}.Release|x64.ActiveCfg = Release|Any CPU
		{C6A13732-2A40-40AC-AA6B-5D1C4B28CDE5}.Release|x64.Build.0 = Release|Any CPU
		{C6A13732-2A40-40AC-AA6B-5D1C4B28CDE5}.Release|x86.ActiveCfg = Release|Any CPU
		{C6A13732-2A40-40AC-AA6B-5D1C4B28CDE5}.Release|x86.Build.0 = Release|Any CPU
		{094CB885-D165-4D35-9B25-0539E550F639}.Debug|Any CPU.ActiveCfg = Debug|Any CPU
		{094CB885-D165-4D35-9B25-0539E550F639}.Debug|Any CPU.Build.0 = Debug|Any CPU
		{094CB885-D165-4D35-9B25-0539E550F639}.Debug|ARM.ActiveCfg = Debug|Any CPU
		{094CB885-D165-4D35-9B25-0539E550F639}.Debug|ARM.Build.0 = Debug|Any CPU
		{094CB885-D165-4D35-9B25-0539E550F639}.Debug|iPhone.ActiveCfg = Debug|Any CPU
		{094CB885-D165-4D35-9B25-0539E550F639}.Debug|iPhone.Build.0 = Debug|Any CPU
		{094CB885-D165-4D35-9B25-0539E550F639}.Debug|iPhoneSimulator.ActiveCfg = Debug|Any CPU
		{094CB885-D165-4D35-9B25-0539E550F639}.Debug|iPhoneSimulator.Build.0 = Debug|Any CPU
		{094CB885-D165-4D35-9B25-0539E550F639}.Debug|x64.ActiveCfg = Debug|Any CPU
		{094CB885-D165-4D35-9B25-0539E550F639}.Debug|x64.Build.0 = Debug|Any CPU
		{094CB885-D165-4D35-9B25-0539E550F639}.Debug|x86.ActiveCfg = Debug|Any CPU
		{094CB885-D165-4D35-9B25-0539E550F639}.Debug|x86.Build.0 = Debug|Any CPU
		{094CB885-D165-4D35-9B25-0539E550F639}.Release|Any CPU.ActiveCfg = Release|Any CPU
		{094CB885-D165-4D35-9B25-0539E550F639}.Release|Any CPU.Build.0 = Release|Any CPU
		{094CB885-D165-4D35-9B25-0539E550F639}.Release|ARM.ActiveCfg = Release|Any CPU
		{094CB885-D165-4D35-9B25-0539E550F639}.Release|ARM.Build.0 = Release|Any CPU
		{094CB885-D165-4D35-9B25-0539E550F639}.Release|iPhone.ActiveCfg = Release|Any CPU
		{094CB885-D165-4D35-9B25-0539E550F639}.Release|iPhone.Build.0 = Release|Any CPU
		{094CB885-D165-4D35-9B25-0539E550F639}.Release|iPhoneSimulator.ActiveCfg = Release|Any CPU
		{094CB885-D165-4D35-9B25-0539E550F639}.Release|iPhoneSimulator.Build.0 = Release|Any CPU
		{094CB885-D165-4D35-9B25-0539E550F639}.Release|x64.ActiveCfg = Release|Any CPU
		{094CB885-D165-4D35-9B25-0539E550F639}.Release|x64.Build.0 = Release|Any CPU
		{094CB885-D165-4D35-9B25-0539E550F639}.Release|x86.ActiveCfg = Release|Any CPU
		{094CB885-D165-4D35-9B25-0539E550F639}.Release|x86.Build.0 = Release|Any CPU
		{2A197B3C-A118-4C4D-B8F0-91F0ADBD7D37}.Debug|Any CPU.ActiveCfg = Debug|Any CPU
		{2A197B3C-A118-4C4D-B8F0-91F0ADBD7D37}.Debug|Any CPU.Build.0 = Debug|Any CPU
		{2A197B3C-A118-4C4D-B8F0-91F0ADBD7D37}.Debug|ARM.ActiveCfg = Debug|Any CPU
		{2A197B3C-A118-4C4D-B8F0-91F0ADBD7D37}.Debug|ARM.Build.0 = Debug|Any CPU
		{2A197B3C-A118-4C4D-B8F0-91F0ADBD7D37}.Debug|iPhone.ActiveCfg = Debug|Any CPU
		{2A197B3C-A118-4C4D-B8F0-91F0ADBD7D37}.Debug|iPhone.Build.0 = Debug|Any CPU
		{2A197B3C-A118-4C4D-B8F0-91F0ADBD7D37}.Debug|iPhoneSimulator.ActiveCfg = Debug|Any CPU
		{2A197B3C-A118-4C4D-B8F0-91F0ADBD7D37}.Debug|iPhoneSimulator.Build.0 = Debug|Any CPU
		{2A197B3C-A118-4C4D-B8F0-91F0ADBD7D37}.Debug|x64.ActiveCfg = Debug|Any CPU
		{2A197B3C-A118-4C4D-B8F0-91F0ADBD7D37}.Debug|x64.Build.0 = Debug|Any CPU
		{2A197B3C-A118-4C4D-B8F0-91F0ADBD7D37}.Debug|x86.ActiveCfg = Debug|Any CPU
		{2A197B3C-A118-4C4D-B8F0-91F0ADBD7D37}.Debug|x86.Build.0 = Debug|Any CPU
		{2A197B3C-A118-4C4D-B8F0-91F0ADBD7D37}.Release|Any CPU.ActiveCfg = Release|Any CPU
		{2A197B3C-A118-4C4D-B8F0-91F0ADBD7D37}.Release|Any CPU.Build.0 = Release|Any CPU
		{2A197B3C-A118-4C4D-B8F0-91F0ADBD7D37}.Release|ARM.ActiveCfg = Release|Any CPU
		{2A197B3C-A118-4C4D-B8F0-91F0ADBD7D37}.Release|ARM.Build.0 = Release|Any CPU
		{2A197B3C-A118-4C4D-B8F0-91F0ADBD7D37}.Release|iPhone.ActiveCfg = Release|Any CPU
		{2A197B3C-A118-4C4D-B8F0-91F0ADBD7D37}.Release|iPhone.Build.0 = Release|Any CPU
		{2A197B3C-A118-4C4D-B8F0-91F0ADBD7D37}.Release|iPhoneSimulator.ActiveCfg = Release|Any CPU
		{2A197B3C-A118-4C4D-B8F0-91F0ADBD7D37}.Release|iPhoneSimulator.Build.0 = Release|Any CPU
		{2A197B3C-A118-4C4D-B8F0-91F0ADBD7D37}.Release|x64.ActiveCfg = Release|Any CPU
		{2A197B3C-A118-4C4D-B8F0-91F0ADBD7D37}.Release|x64.Build.0 = Release|Any CPU
		{2A197B3C-A118-4C4D-B8F0-91F0ADBD7D37}.Release|x86.ActiveCfg = Release|Any CPU
		{2A197B3C-A118-4C4D-B8F0-91F0ADBD7D37}.Release|x86.Build.0 = Release|Any CPU
		{0547DC07-064A-4A89-B0FD-A1C638202E11}.Debug|Any CPU.ActiveCfg = Debug|Any CPU
		{0547DC07-064A-4A89-B0FD-A1C638202E11}.Debug|Any CPU.Build.0 = Debug|Any CPU
		{0547DC07-064A-4A89-B0FD-A1C638202E11}.Debug|ARM.ActiveCfg = Debug|Any CPU
		{0547DC07-064A-4A89-B0FD-A1C638202E11}.Debug|ARM.Build.0 = Debug|Any CPU
		{0547DC07-064A-4A89-B0FD-A1C638202E11}.Debug|iPhone.ActiveCfg = Debug|Any CPU
		{0547DC07-064A-4A89-B0FD-A1C638202E11}.Debug|iPhone.Build.0 = Debug|Any CPU
		{0547DC07-064A-4A89-B0FD-A1C638202E11}.Debug|iPhoneSimulator.ActiveCfg = Debug|Any CPU
		{0547DC07-064A-4A89-B0FD-A1C638202E11}.Debug|iPhoneSimulator.Build.0 = Debug|Any CPU
		{0547DC07-064A-4A89-B0FD-A1C638202E11}.Debug|x64.ActiveCfg = Debug|Any CPU
		{0547DC07-064A-4A89-B0FD-A1C638202E11}.Debug|x64.Build.0 = Debug|Any CPU
		{0547DC07-064A-4A89-B0FD-A1C638202E11}.Debug|x86.ActiveCfg = Debug|Any CPU
		{0547DC07-064A-4A89-B0FD-A1C638202E11}.Debug|x86.Build.0 = Debug|Any CPU
		{0547DC07-064A-4A89-B0FD-A1C638202E11}.Release|Any CPU.ActiveCfg = Release|Any CPU
		{0547DC07-064A-4A89-B0FD-A1C638202E11}.Release|Any CPU.Build.0 = Release|Any CPU
		{0547DC07-064A-4A89-B0FD-A1C638202E11}.Release|ARM.ActiveCfg = Release|Any CPU
		{0547DC07-064A-4A89-B0FD-A1C638202E11}.Release|ARM.Build.0 = Release|Any CPU
		{0547DC07-064A-4A89-B0FD-A1C638202E11}.Release|iPhone.ActiveCfg = Release|Any CPU
		{0547DC07-064A-4A89-B0FD-A1C638202E11}.Release|iPhone.Build.0 = Release|Any CPU
		{0547DC07-064A-4A89-B0FD-A1C638202E11}.Release|iPhoneSimulator.ActiveCfg = Release|Any CPU
		{0547DC07-064A-4A89-B0FD-A1C638202E11}.Release|iPhoneSimulator.Build.0 = Release|Any CPU
		{0547DC07-064A-4A89-B0FD-A1C638202E11}.Release|x64.ActiveCfg = Release|Any CPU
		{0547DC07-064A-4A89-B0FD-A1C638202E11}.Release|x64.Build.0 = Release|Any CPU
		{0547DC07-064A-4A89-B0FD-A1C638202E11}.Release|x86.ActiveCfg = Release|Any CPU
		{0547DC07-064A-4A89-B0FD-A1C638202E11}.Release|x86.Build.0 = Release|Any CPU
		{CA2C557A-0E4A-402E-BC05-901DC0554664}.Debug|Any CPU.ActiveCfg = Debug|Any CPU
		{CA2C557A-0E4A-402E-BC05-901DC0554664}.Debug|Any CPU.Build.0 = Debug|Any CPU
		{CA2C557A-0E4A-402E-BC05-901DC0554664}.Debug|ARM.ActiveCfg = Debug|Any CPU
		{CA2C557A-0E4A-402E-BC05-901DC0554664}.Debug|ARM.Build.0 = Debug|Any CPU
		{CA2C557A-0E4A-402E-BC05-901DC0554664}.Debug|iPhone.ActiveCfg = Debug|Any CPU
		{CA2C557A-0E4A-402E-BC05-901DC0554664}.Debug|iPhone.Build.0 = Debug|Any CPU
		{CA2C557A-0E4A-402E-BC05-901DC0554664}.Debug|iPhoneSimulator.ActiveCfg = Debug|Any CPU
		{CA2C557A-0E4A-402E-BC05-901DC0554664}.Debug|iPhoneSimulator.Build.0 = Debug|Any CPU
		{CA2C557A-0E4A-402E-BC05-901DC0554664}.Debug|x64.ActiveCfg = Debug|Any CPU
		{CA2C557A-0E4A-402E-BC05-901DC0554664}.Debug|x64.Build.0 = Debug|Any CPU
		{CA2C557A-0E4A-402E-BC05-901DC0554664}.Debug|x86.ActiveCfg = Debug|Any CPU
		{CA2C557A-0E4A-402E-BC05-901DC0554664}.Debug|x86.Build.0 = Debug|Any CPU
		{CA2C557A-0E4A-402E-BC05-901DC0554664}.Release|Any CPU.ActiveCfg = Release|Any CPU
		{CA2C557A-0E4A-402E-BC05-901DC0554664}.Release|Any CPU.Build.0 = Release|Any CPU
		{CA2C557A-0E4A-402E-BC05-901DC0554664}.Release|ARM.ActiveCfg = Release|Any CPU
		{CA2C557A-0E4A-402E-BC05-901DC0554664}.Release|ARM.Build.0 = Release|Any CPU
		{CA2C557A-0E4A-402E-BC05-901DC0554664}.Release|iPhone.ActiveCfg = Release|Any CPU
		{CA2C557A-0E4A-402E-BC05-901DC0554664}.Release|iPhone.Build.0 = Release|Any CPU
		{CA2C557A-0E4A-402E-BC05-901DC0554664}.Release|iPhoneSimulator.ActiveCfg = Release|Any CPU
		{CA2C557A-0E4A-402E-BC05-901DC0554664}.Release|iPhoneSimulator.Build.0 = Release|Any CPU
		{CA2C557A-0E4A-402E-BC05-901DC0554664}.Release|x64.ActiveCfg = Release|Any CPU
		{CA2C557A-0E4A-402E-BC05-901DC0554664}.Release|x64.Build.0 = Release|Any CPU
		{CA2C557A-0E4A-402E-BC05-901DC0554664}.Release|x86.ActiveCfg = Release|Any CPU
		{CA2C557A-0E4A-402E-BC05-901DC0554664}.Release|x86.Build.0 = Release|Any CPU
		{B8AB3A53-E29B-4F8E-9DB3-FA59EAA8A530}.Debug|Any CPU.ActiveCfg = Debug|Any CPU
		{B8AB3A53-E29B-4F8E-9DB3-FA59EAA8A530}.Debug|Any CPU.Build.0 = Debug|Any CPU
		{B8AB3A53-E29B-4F8E-9DB3-FA59EAA8A530}.Debug|ARM.ActiveCfg = Debug|Any CPU
		{B8AB3A53-E29B-4F8E-9DB3-FA59EAA8A530}.Debug|ARM.Build.0 = Debug|Any CPU
		{B8AB3A53-E29B-4F8E-9DB3-FA59EAA8A530}.Debug|iPhone.ActiveCfg = Debug|Any CPU
		{B8AB3A53-E29B-4F8E-9DB3-FA59EAA8A530}.Debug|iPhone.Build.0 = Debug|Any CPU
		{B8AB3A53-E29B-4F8E-9DB3-FA59EAA8A530}.Debug|iPhoneSimulator.ActiveCfg = Debug|Any CPU
		{B8AB3A53-E29B-4F8E-9DB3-FA59EAA8A530}.Debug|iPhoneSimulator.Build.0 = Debug|Any CPU
		{B8AB3A53-E29B-4F8E-9DB3-FA59EAA8A530}.Debug|x64.ActiveCfg = Debug|Any CPU
		{B8AB3A53-E29B-4F8E-9DB3-FA59EAA8A530}.Debug|x64.Build.0 = Debug|Any CPU
		{B8AB3A53-E29B-4F8E-9DB3-FA59EAA8A530}.Debug|x86.ActiveCfg = Debug|Any CPU
		{B8AB3A53-E29B-4F8E-9DB3-FA59EAA8A530}.Debug|x86.Build.0 = Debug|Any CPU
		{B8AB3A53-E29B-4F8E-9DB3-FA59EAA8A530}.Release|Any CPU.ActiveCfg = Release|Any CPU
		{B8AB3A53-E29B-4F8E-9DB3-FA59EAA8A530}.Release|Any CPU.Build.0 = Release|Any CPU
		{B8AB3A53-E29B-4F8E-9DB3-FA59EAA8A530}.Release|ARM.ActiveCfg = Release|Any CPU
		{B8AB3A53-E29B-4F8E-9DB3-FA59EAA8A530}.Release|ARM.Build.0 = Release|Any CPU
		{B8AB3A53-E29B-4F8E-9DB3-FA59EAA8A530}.Release|iPhone.ActiveCfg = Release|Any CPU
		{B8AB3A53-E29B-4F8E-9DB3-FA59EAA8A530}.Release|iPhone.Build.0 = Release|Any CPU
		{B8AB3A53-E29B-4F8E-9DB3-FA59EAA8A530}.Release|iPhoneSimulator.ActiveCfg = Release|Any CPU
		{B8AB3A53-E29B-4F8E-9DB3-FA59EAA8A530}.Release|iPhoneSimulator.Build.0 = Release|Any CPU
		{B8AB3A53-E29B-4F8E-9DB3-FA59EAA8A530}.Release|x64.ActiveCfg = Release|Any CPU
		{B8AB3A53-E29B-4F8E-9DB3-FA59EAA8A530}.Release|x64.Build.0 = Release|Any CPU
		{B8AB3A53-E29B-4F8E-9DB3-FA59EAA8A530}.Release|x86.ActiveCfg = Release|Any CPU
		{B8AB3A53-E29B-4F8E-9DB3-FA59EAA8A530}.Release|x86.Build.0 = Release|Any CPU
		{D6F94252-F026-44E9-A3AE-6CF711B2D14B}.Debug|Any CPU.ActiveCfg = Debug|Any CPU
		{D6F94252-F026-44E9-A3AE-6CF711B2D14B}.Debug|Any CPU.Build.0 = Debug|Any CPU
		{D6F94252-F026-44E9-A3AE-6CF711B2D14B}.Debug|ARM.ActiveCfg = Debug|Any CPU
		{D6F94252-F026-44E9-A3AE-6CF711B2D14B}.Debug|ARM.Build.0 = Debug|Any CPU
		{D6F94252-F026-44E9-A3AE-6CF711B2D14B}.Debug|iPhone.ActiveCfg = Debug|Any CPU
		{D6F94252-F026-44E9-A3AE-6CF711B2D14B}.Debug|iPhone.Build.0 = Debug|Any CPU
		{D6F94252-F026-44E9-A3AE-6CF711B2D14B}.Debug|iPhoneSimulator.ActiveCfg = Debug|Any CPU
		{D6F94252-F026-44E9-A3AE-6CF711B2D14B}.Debug|iPhoneSimulator.Build.0 = Debug|Any CPU
		{D6F94252-F026-44E9-A3AE-6CF711B2D14B}.Debug|x64.ActiveCfg = Debug|Any CPU
		{D6F94252-F026-44E9-A3AE-6CF711B2D14B}.Debug|x64.Build.0 = Debug|Any CPU
		{D6F94252-F026-44E9-A3AE-6CF711B2D14B}.Debug|x86.ActiveCfg = Debug|Any CPU
		{D6F94252-F026-44E9-A3AE-6CF711B2D14B}.Debug|x86.Build.0 = Debug|Any CPU
		{D6F94252-F026-44E9-A3AE-6CF711B2D14B}.Release|Any CPU.ActiveCfg = Release|Any CPU
		{D6F94252-F026-44E9-A3AE-6CF711B2D14B}.Release|Any CPU.Build.0 = Release|Any CPU
		{D6F94252-F026-44E9-A3AE-6CF711B2D14B}.Release|ARM.ActiveCfg = Release|Any CPU
		{D6F94252-F026-44E9-A3AE-6CF711B2D14B}.Release|ARM.Build.0 = Release|Any CPU
		{D6F94252-F026-44E9-A3AE-6CF711B2D14B}.Release|iPhone.ActiveCfg = Release|Any CPU
		{D6F94252-F026-44E9-A3AE-6CF711B2D14B}.Release|iPhone.Build.0 = Release|Any CPU
		{D6F94252-F026-44E9-A3AE-6CF711B2D14B}.Release|iPhoneSimulator.ActiveCfg = Release|Any CPU
		{D6F94252-F026-44E9-A3AE-6CF711B2D14B}.Release|iPhoneSimulator.Build.0 = Release|Any CPU
		{D6F94252-F026-44E9-A3AE-6CF711B2D14B}.Release|x64.ActiveCfg = Release|Any CPU
		{D6F94252-F026-44E9-A3AE-6CF711B2D14B}.Release|x64.Build.0 = Release|Any CPU
		{D6F94252-F026-44E9-A3AE-6CF711B2D14B}.Release|x86.ActiveCfg = Release|Any CPU
		{D6F94252-F026-44E9-A3AE-6CF711B2D14B}.Release|x86.Build.0 = Release|Any CPU
	EndGlobalSection
	GlobalSection(SolutionProperties) = preSolution
		HideSolutionNode = FALSE
	EndGlobalSection
	GlobalSection(NestedProjects) = preSolution
		{CC4DDEE0-E891-4CAD-ABB0-DDA8E9206CEC} = {C72D4829-D9BF-44A6-B8E5-9ACFE11B2308}
		{DF043671-2A9C-4F1E-A3B8-478E83D23339} = {1FA1C0A6-D4E5-489D-81D7-BDF33E8537B1}
		{BCDCF8C4-A72E-4949-AFBB-F03EE463689A} = {1FA1C0A6-D4E5-489D-81D7-BDF33E8537B1}
		{CFE6902C-9085-408C-8B92-B113EB059DE8} = {1FA1C0A6-D4E5-489D-81D7-BDF33E8537B1}
		{82C19710-80FC-440E-86F5-910AF540C278} = {1FA1C0A6-D4E5-489D-81D7-BDF33E8537B1}
		{C6A13732-2A40-40AC-AA6B-5D1C4B28CDE5} = {1FA1C0A6-D4E5-489D-81D7-BDF33E8537B1}
		{094CB885-D165-4D35-9B25-0539E550F639} = {1FA1C0A6-D4E5-489D-81D7-BDF33E8537B1}
		{2A197B3C-A118-4C4D-B8F0-91F0ADBD7D37} = {1FA1C0A6-D4E5-489D-81D7-BDF33E8537B1}
		{0547DC07-064A-4A89-B0FD-A1C638202E11} = {1FA1C0A6-D4E5-489D-81D7-BDF33E8537B1}
		{D6F94252-F026-44E9-A3AE-6CF711B2D14B} = {1FA1C0A6-D4E5-489D-81D7-BDF33E8537B1}
	EndGlobalSection
	GlobalSection(ExtensibilityGlobals) = postSolution
		SolutionGuid = {E11639E2-1623-498B-9EC0-79710B316F9A}
	EndGlobalSection
EndGlobal
